
Microsoft Visual Studio Solution File, Format Version 12.00
# Visual Studio Version 16
VisualStudioVersion = 16.0.32929.386
MinimumVisualStudioVersion = 10.0.40219.1
Project("{FAE04EC0-301F-11D3-BF4B-00C04F79EFBC}") = "Super-Convert-Example", "Super-Convert-Example.csproj", "{A934234D-825B-4C23-81C8-D8F608418C31}"
EndProject
Global
	GlobalSection(SolutionConfigurationPlatforms) = preSolution
		Debug|Any CPU = Debug|Any CPU
		Release|Any CPU = Release|Any CPU
	EndGlobalSection
	GlobalSection(ProjectConfigurationPlatforms) = postSolution
		{A934234D-825B-4C23-81C8-D8F608418C31}.Debug|Any CPU.ActiveCfg = Debug|Any CPU
		{A934234D-825B-4C23-81C8-D8F608418C31}.Debug|Any CPU.Build.0 = Debug|Any CPU
		{A934234D-825B-4C23-81C8-D8F608418C31}.Release|Any CPU.ActiveCfg = Release|Any CPU
		{A934234D-825B-4C23-81C8-D8F608418C31}.Release|Any CPU.Build.0 = Release|Any CPU
	EndGlobalSection
	GlobalSection(SolutionProperties) = preSolution
		HideSolutionNode = FALSE
	EndGlobalSection
	GlobalSection(ExtensibilityGlobals) = postSolution
		SolutionGuid = {8B99C870-2A8F-472F-95AD-3E3D0E70FCBE}
	EndGlobalSection
EndGlobal
